
Microsoft Visual Studio Solution File, Format Version 12.00
# Visual Studio Version 17
VisualStudioVersion = 17.7.34302.85
MinimumVisualStudioVersion = 10.0.40219.1
Project("{9A19103F-16F7-4668-BE54-9A1E7A4F7556}") = "CamadaApresentacao", "CamadaApresentacao.csproj", "{BCE881A0-3FBB-422D-BB2D-7757C7A81750}"
EndProject
Project("{2150E333-8FDC-42A3-9474-1A3956D46DE8}") = "1 - Apresentação", "1 - Apresentação", "{B29A72E4-B272-4B69-8719-A2321D874A10}"
EndProject
Project("{2150E333-8FDC-42A3-9474-1A3956D46DE8}") = "2 - Dominio", "2 - Dominio", "{0AA99619-5E00-4713-BCE0-C70E59E9F8B5}"
EndProject
Project("{2150E333-8FDC-42A3-9474-1A3956D46DE8}") = "3 - Infra", "3 - Infra", "{5A603684-D6FC-4F9C-B90C-A7E430BEF103}"
EndProject
Project("{2150E333-8FDC-42A3-9474-1A3956D46DE8}") = "4 - Dados", "4 - Dados", "{5C76B6D0-4227-4061-9543-1B36DAB794CB}"
EndProject
Project("{9A19103F-16F7-4668-BE54-9A1E7A4F7556}") = "Repositorio", "..\Repositorio\Repositorio.csproj", "{3971CECB-5134-42D5-B31E-B9D8B5C9F1CA}"
EndProject
Project("{9A19103F-16F7-4668-BE54-9A1E7A4F7556}") = "Interfaces", "..\Interfaces\Interfaces.csproj", "{D4713751-3D18-41E3-8D61-6D201019ED77}"
EndProject
Project("{9A19103F-16F7-4668-BE54-9A1E7A4F7556}") = "IoC", "..\IoC\IoC.csproj", "{03F015C2-6434-4FB8-85F1-DC49AF9608F2}"
EndProject
Project("{9A19103F-16F7-4668-BE54-9A1E7A4F7556}") = "Models", "..\Models\Models.csproj", "{3E7B6106-FE68-4459-98A7-B6DBE0BA3319}"
EndProject
Project("{9A19103F-16F7-4668-BE54-9A1E7A4F7556}") = "Dominio", "..\Dominio\Dominio.csproj", "{B9B6A484-28C0-40EA-AD50-7D308F81846D}"
EndProject
Project("{FAE04EC0-301F-11D3-BF4B-00C04F79EFBC}") = "Externo", "..\Externo\Externo.csproj", "{E93B6269-C8DF-4496-ADDF-4251DA86C4AD}"
EndProject
Global
	GlobalSection(SolutionConfigurationPlatforms) = preSolution
		Debug|Any CPU = Debug|Any CPU
		Release|Any CPU = Release|Any CPU
	EndGlobalSection
	GlobalSection(ProjectConfigurationPlatforms) = postSolution
		{BCE881A0-3FBB-422D-BB2D-7757C7A81750}.Debug|Any CPU.ActiveCfg = Debug|Any CPU
		{BCE881A0-3FBB-422D-BB2D-7757C7A81750}.Debug|Any CPU.Build.0 = Debug|Any CPU
		{BCE881A0-3FBB-422D-BB2D-7757C7A81750}.Release|Any CPU.ActiveCfg = Release|Any CPU
		{BCE881A0-3FBB-422D-BB2D-7757C7A81750}.Release|Any CPU.Build.0 = Release|Any CPU
		{3971CECB-5134-42D5-B31E-B9D8B5C9F1CA}.Debug|Any CPU.ActiveCfg = Debug|Any CPU
		{3971CECB-5134-42D5-B31E-B9D8B5C9F1CA}.Debug|Any CPU.Build.0 = Debug|Any CPU
		{3971CECB-5134-42D5-B31E-B9D8B5C9F1CA}.Release|Any CPU.ActiveCfg = Release|Any CPU
		{3971CECB-5134-42D5-B31E-B9D8B5C9F1CA}.Release|Any CPU.Build.0 = Release|Any CPU
		{D4713751-3D18-41E3-8D61-6D201019ED77}.Debug|Any CPU.ActiveCfg = Debug|Any CPU
		{D4713751-3D18-41E3-8D61-6D201019ED77}.Debug|Any CPU.Build.0 = Debug|Any CPU
		{D4713751-3D18-41E3-8D61-6D201019ED77}.Release|Any CPU.ActiveCfg = Release|Any CPU
		{D4713751-3D18-41E3-8D61-6D201019ED77}.Release|Any CPU.Build.0 = Release|Any CPU
		{03F015C2-6434-4FB8-85F1-DC49AF9608F2}.Debug|Any CPU.ActiveCfg = Debug|Any CPU
		{03F015C2-6434-4FB8-85F1-DC49AF9608F2}.Debug|Any CPU.Build.0 = Debug|Any CPU
		{03F015C2-6434-4FB8-85F1-DC49AF9608F2}.Release|Any CPU.ActiveCfg = Release|Any CPU
		{03F015C2-6434-4FB8-85F1-DC49AF9608F2}.Release|Any CPU.Build.0 = Release|Any CPU
		{3E7B6106-FE68-4459-98A7-B6DBE0BA3319}.Debug|Any CPU.ActiveCfg = Debug|Any CPU
		{3E7B6106-FE68-4459-98A7-B6DBE0BA3319}.Debug|Any CPU.Build.0 = Debug|Any CPU
		{3E7B6106-FE68-4459-98A7-B6DBE0BA3319}.Release|Any CPU.ActiveCfg = Release|Any CPU
		{3E7B6106-FE68-4459-98A7-B6DBE0BA3319}.Release|Any CPU.Build.0 = Release|Any CPU
		{B9B6A484-28C0-40EA-AD50-7D308F81846D}.Debug|Any CPU.ActiveCfg = Debug|Any CPU
		{B9B6A484-28C0-40EA-AD50-7D308F81846D}.Debug|Any CPU.Build.0 = Debug|Any CPU
		{B9B6A484-28C0-40EA-AD50-7D308F81846D}.Release|Any CPU.ActiveCfg = Release|Any CPU
		{B9B6A484-28C0-40EA-AD50-7D308F81846D}.Release|Any CPU.Build.0 = Release|Any CPU
		{E93B6269-C8DF-4496-ADDF-4251DA86C4AD}.Debug|Any CPU.ActiveCfg = Debug|Any CPU
		{E93B6269-C8DF-4496-ADDF-4251DA86C4AD}.Debug|Any CPU.Build.0 = Debug|Any CPU
		{E93B6269-C8DF-4496-ADDF-4251DA86C4AD}.Release|Any CPU.ActiveCfg = Release|Any CPU
		{E93B6269-C8DF-4496-ADDF-4251DA86C4AD}.Release|Any CPU.Build.0 = Release|Any CPU
	EndGlobalSection
	GlobalSection(SolutionProperties) = preSolution
		HideSolutionNode = FALSE
	EndGlobalSection
	GlobalSection(NestedProjects) = preSolution
		{BCE881A0-3FBB-422D-BB2D-7757C7A81750} = {B29A72E4-B272-4B69-8719-A2321D874A10}
		{3971CECB-5134-42D5-B31E-B9D8B5C9F1CA} = {5C76B6D0-4227-4061-9543-1B36DAB794CB}
		{D4713751-3D18-41E3-8D61-6D201019ED77} = {5A603684-D6FC-4F9C-B90C-A7E430BEF103}
		{03F015C2-6434-4FB8-85F1-DC49AF9608F2} = {5A603684-D6FC-4F9C-B90C-A7E430BEF103}
		{3E7B6106-FE68-4459-98A7-B6DBE0BA3319} = {5A603684-D6FC-4F9C-B90C-A7E430BEF103}
		{B9B6A484-28C0-40EA-AD50-7D308F81846D} = {0AA99619-5E00-4713-BCE0-C70E59E9F8B5}
		{E93B6269-C8DF-4496-ADDF-4251DA86C4AD} = {5C76B6D0-4227-4061-9543-1B36DAB794CB}
	EndGlobalSection
	GlobalSection(ExtensibilityGlobals) = postSolution
		SolutionGuid = {26DBF097-F206-4C40-91AC-0ECA09A2C4D1}
	EndGlobalSection
EndGlobal
